// !$*UTF8*$!
{
	archiveVersion = 1;
	classes = {
	};
	objectVersion = 48;
	objects = {

/* Begin PBXBuildFile section */
		1C48685573A802573E9B75A8 /* Pods_LocalFlowWalletPOC.framework in Frameworks */ = {isa = PBXBuildFile; fileRef = C229A9FDD41FC98586B4C46E /* Pods_LocalFlowWalletPOC.framework */; };
		8B327A262034C55C00C916A8 /* Structs.swift in Sources */ = {isa = PBXBuildFile; fileRef = 8B327A252034C55C00C916A8 /* Structs.swift */; };
		8B327A282034C5C300C916A8 /* Enums.swift in Sources */ = {isa = PBXBuildFile; fileRef = 8B327A272034C5C300C916A8 /* Enums.swift */; };
		8BB718D620332D3400A9040D /* Extensions.swift in Sources */ = {isa = PBXBuildFile; fileRef = 8BB718D520332D3400A9040D /* Extensions.swift */; };
		8BCAEFB6203494690092B7BA /* Podfile in Resources */ = {isa = PBXBuildFile; fileRef = 8BCAEFB5203494690092B7BA /* Podfile */; };
		8BD6BC642030563500D9D8A7 /* Notifications.swift in Sources */ = {isa = PBXBuildFile; fileRef = 8BD6BC632030563500D9D8A7 /* Notifications.swift */; };
		8BD6BC662031BB4600D9D8A7 /* PaymentViewController.swift in Sources */ = {isa = PBXBuildFile; fileRef = 8BD6BC652031BB4600D9D8A7 /* PaymentViewController.swift */; };
		8BD6BC682031D79F00D9D8A7 /* TransactionCell.swift in Sources */ = {isa = PBXBuildFile; fileRef = 8BD6BC672031D79F00D9D8A7 /* TransactionCell.swift */; };
		8BFEBC84202F35D20011346A /* AppDelegate.swift in Sources */ = {isa = PBXBuildFile; fileRef = 8BFEBC83202F35D20011346A /* AppDelegate.swift */; };
		8BFEBC86202F35D20011346A /* LoginViewController.swift in Sources */ = {isa = PBXBuildFile; fileRef = 8BFEBC85202F35D20011346A /* LoginViewController.swift */; };
		8BFEBC89202F35D20011346A /* Main.storyboard in Resources */ = {isa = PBXBuildFile; fileRef = 8BFEBC87202F35D20011346A /* Main.storyboard */; };
		8BFEBC8C202F35D20011346A /* LocalFlowWalletPOC.xcdatamodeld in Sources */ = {isa = PBXBuildFile; fileRef = 8BFEBC8A202F35D20011346A /* LocalFlowWalletPOC.xcdatamodeld */; };
		8BFEBC8E202F35D20011346A /* Assets.xcassets in Resources */ = {isa = PBXBuildFile; fileRef = 8BFEBC8D202F35D20011346A /* Assets.xcassets */; };
		8BFEBC91202F35D20011346A /* LaunchScreen.storyboard in Resources */ = {isa = PBXBuildFile; fileRef = 8BFEBC8F202F35D20011346A /* LaunchScreen.storyboard */; };
		8BFEBC9C202F35D20011346A /* LocalFlowWalletPOCTests.swift in Sources */ = {isa = PBXBuildFile; fileRef = 8BFEBC9B202F35D20011346A /* LocalFlowWalletPOCTests.swift */; };
		8BFEBCA7202F35D20011346A /* LocalFlowWalletPOCUITests.swift in Sources */ = {isa = PBXBuildFile; fileRef = 8BFEBCA6202F35D20011346A /* LocalFlowWalletPOCUITests.swift */; };
		8BFEBCB5202F3CC20011346A /* TabBarController.swift in Sources */ = {isa = PBXBuildFile; fileRef = 8BFEBCB4202F3CC20011346A /* TabBarController.swift */; };
		8BFEBCBC202F42F60011346A /* User+CoreDataClass.swift in Sources */ = {isa = PBXBuildFile; fileRef = 8BFEBCB6202F42F60011346A /* User+CoreDataClass.swift */; };
		8BFEBCBD202F42F60011346A /* User+CoreDataProperties.swift in Sources */ = {isa = PBXBuildFile; fileRef = 8BFEBCB7202F42F60011346A /* User+CoreDataProperties.swift */; };
		8BFEBCBE202F42F60011346A /* Balance+CoreDataClass.swift in Sources */ = {isa = PBXBuildFile; fileRef = 8BFEBCB8202F42F60011346A /* Balance+CoreDataClass.swift */; };
		8BFEBCBF202F42F60011346A /* Balance+CoreDataProperties.swift in Sources */ = {isa = PBXBuildFile; fileRef = 8BFEBCB9202F42F60011346A /* Balance+CoreDataProperties.swift */; };
		8BFEBCC0202F42F60011346A /* Transaction+CoreDataClass.swift in Sources */ = {isa = PBXBuildFile; fileRef = 8BFEBCBA202F42F60011346A /* Transaction+CoreDataClass.swift */; };
		8BFEBCC1202F42F60011346A /* Transaction+CoreDataProperties.swift in Sources */ = {isa = PBXBuildFile; fileRef = 8BFEBCBB202F42F60011346A /* Transaction+CoreDataProperties.swift */; };
		8BFEBCC6202F46A00011346A /* NetworkProvider.swift in Sources */ = {isa = PBXBuildFile; fileRef = 8BFEBCC3202F469F0011346A /* NetworkProvider.swift */; };
		8BFEBCC7202F46A00011346A /* CoreDataProvider.swift in Sources */ = {isa = PBXBuildFile; fileRef = 8BFEBCC4202F469F0011346A /* CoreDataProvider.swift */; };
		8BFEBCC8202F46A00011346A /* UpdateManager.swift in Sources */ = {isa = PBXBuildFile; fileRef = 8BFEBCC5202F469F0011346A /* UpdateManager.swift */; };
		8BFEBCCC202F80A40011346A /* UserViewController.swift in Sources */ = {isa = PBXBuildFile; fileRef = 8BFEBCCB202F80A40011346A /* UserViewController.swift */; };
/* End PBXBuildFile section */

/* Begin PBXContainerItemProxy section */
		8BFEBC98202F35D20011346A /* PBXContainerItemProxy */ = {
			isa = PBXContainerItemProxy;
			containerPortal = 8BFEBC78202F35D20011346A /* Project object */;
			proxyType = 1;
			remoteGlobalIDString = 8BFEBC7F202F35D20011346A;
			remoteInfo = LocalFlowWalletPOC;
		};
		8BFEBCA3202F35D20011346A /* PBXContainerItemProxy */ = {
			isa = PBXContainerItemProxy;
			containerPortal = 8BFEBC78202F35D20011346A /* Project object */;
			proxyType = 1;
			remoteGlobalIDString = 8BFEBC7F202F35D20011346A;
			remoteInfo = LocalFlowWalletPOC;
		};
/* End PBXContainerItemProxy section */

/* Begin PBXFileReference section */
		7BFFC66B12902502B32BC7CD /* Pods-LocalFlowWalletPOC.release.xcconfig */ = {isa = PBXFileReference; includeInIndex = 1; lastKnownFileType = text.xcconfig; name = "Pods-LocalFlowWalletPOC.release.xcconfig"; path = "Pods/Target Support Files/Pods-LocalFlowWalletPOC/Pods-LocalFlowWalletPOC.release.xcconfig"; sourceTree = "<group>"; };
		8B327A252034C55C00C916A8 /* Structs.swift */ = {isa = PBXFileReference; lastKnownFileType = sourcecode.swift; path = Structs.swift; sourceTree = "<group>"; };
		8B327A272034C5C300C916A8 /* Enums.swift */ = {isa = PBXFileReference; lastKnownFileType = sourcecode.swift; path = Enums.swift; sourceTree = "<group>"; };
		8BB718D520332D3400A9040D /* Extensions.swift */ = {isa = PBXFileReference; lastKnownFileType = sourcecode.swift; path = Extensions.swift; sourceTree = "<group>"; };
		8BCAEFB5203494690092B7BA /* Podfile */ = {isa = PBXFileReference; fileEncoding = 4; lastKnownFileType = text; path = Podfile; sourceTree = SOURCE_ROOT; };
		8BD6BC632030563500D9D8A7 /* Notifications.swift */ = {isa = PBXFileReference; lastKnownFileType = sourcecode.swift; path = Notifications.swift; sourceTree = "<group>"; };
		8BD6BC652031BB4600D9D8A7 /* PaymentViewController.swift */ = {isa = PBXFileReference; lastKnownFileType = sourcecode.swift; path = PaymentViewController.swift; sourceTree = "<group>"; };
		8BD6BC672031D79F00D9D8A7 /* TransactionCell.swift */ = {isa = PBXFileReference; lastKnownFileType = sourcecode.swift; path = TransactionCell.swift; sourceTree = "<group>"; };
		8BFEBC80202F35D20011346A /* LocalFlowWalletPOC.app */ = {isa = PBXFileReference; explicitFileType = wrapper.application; includeInIndex = 0; path = LocalFlowWalletPOC.app; sourceTree = BUILT_PRODUCTS_DIR; };
		8BFEBC83202F35D20011346A /* AppDelegate.swift */ = {isa = PBXFileReference; lastKnownFileType = sourcecode.swift; path = AppDelegate.swift; sourceTree = "<group>"; };
		8BFEBC85202F35D20011346A /* LoginViewController.swift */ = {isa = PBXFileReference; lastKnownFileType = sourcecode.swift; path = LoginViewController.swift; sourceTree = "<group>"; };
		8BFEBC88202F35D20011346A /* Base */ = {isa = PBXFileReference; lastKnownFileType = file.storyboard; name = Base; path = Base.lproj/Main.storyboard; sourceTree = "<group>"; };
		8BFEBC8B202F35D20011346A /* LocalFlowWalletPOC.xcdatamodel */ = {isa = PBXFileReference; lastKnownFileType = wrapper.xcdatamodel; path = LocalFlowWalletPOC.xcdatamodel; sourceTree = "<group>"; };
		8BFEBC8D202F35D20011346A /* Assets.xcassets */ = {isa = PBXFileReference; lastKnownFileType = folder.assetcatalog; path = Assets.xcassets; sourceTree = "<group>"; };
		8BFEBC90202F35D20011346A /* Base */ = {isa = PBXFileReference; lastKnownFileType = file.storyboard; name = Base; path = Base.lproj/LaunchScreen.storyboard; sourceTree = "<group>"; };
		8BFEBC92202F35D20011346A /* Info.plist */ = {isa = PBXFileReference; lastKnownFileType = text.plist.xml; path = Info.plist; sourceTree = "<group>"; };
		8BFEBC97202F35D20011346A /* LocalFlowWalletPOCTests.xctest */ = {isa = PBXFileReference; explicitFileType = wrapper.cfbundle; includeInIndex = 0; path = LocalFlowWalletPOCTests.xctest; sourceTree = BUILT_PRODUCTS_DIR; };
		8BFEBC9B202F35D20011346A /* LocalFlowWalletPOCTests.swift */ = {isa = PBXFileReference; lastKnownFileType = sourcecode.swift; path = LocalFlowWalletPOCTests.swift; sourceTree = "<group>"; };
		8BFEBC9D202F35D20011346A /* Info.plist */ = {isa = PBXFileReference; lastKnownFileType = text.plist.xml; path = Info.plist; sourceTree = "<group>"; };
		8BFEBCA2202F35D20011346A /* LocalFlowWalletPOCUITests.xctest */ = {isa = PBXFileReference; explicitFileType = wrapper.cfbundle; includeInIndex = 0; path = LocalFlowWalletPOCUITests.xctest; sourceTree = BUILT_PRODUCTS_DIR; };
		8BFEBCA6202F35D20011346A /* LocalFlowWalletPOCUITests.swift */ = {isa = PBXFileReference; lastKnownFileType = sourcecode.swift; path = LocalFlowWalletPOCUITests.swift; sourceTree = "<group>"; };
		8BFEBCA8202F35D20011346A /* Info.plist */ = {isa = PBXFileReference; lastKnownFileType = text.plist.xml; path = Info.plist; sourceTree = "<group>"; };
		8BFEBCB4202F3CC20011346A /* TabBarController.swift */ = {isa = PBXFileReference; lastKnownFileType = sourcecode.swift; path = TabBarController.swift; sourceTree = "<group>"; };
		8BFEBCB6202F42F60011346A /* User+CoreDataClass.swift */ = {isa = PBXFileReference; lastKnownFileType = sourcecode.swift; path = "User+CoreDataClass.swift"; sourceTree = "<group>"; };
		8BFEBCB7202F42F60011346A /* User+CoreDataProperties.swift */ = {isa = PBXFileReference; lastKnownFileType = sourcecode.swift; path = "User+CoreDataProperties.swift"; sourceTree = "<group>"; };
		8BFEBCB8202F42F60011346A /* Balance+CoreDataClass.swift */ = {isa = PBXFileReference; lastKnownFileType = sourcecode.swift; path = "Balance+CoreDataClass.swift"; sourceTree = "<group>"; };
		8BFEBCB9202F42F60011346A /* Balance+CoreDataProperties.swift */ = {isa = PBXFileReference; lastKnownFileType = sourcecode.swift; path = "Balance+CoreDataProperties.swift"; sourceTree = "<group>"; };
		8BFEBCBA202F42F60011346A /* Transaction+CoreDataClass.swift */ = {isa = PBXFileReference; lastKnownFileType = sourcecode.swift; path = "Transaction+CoreDataClass.swift"; sourceTree = "<group>"; };
		8BFEBCBB202F42F60011346A /* Transaction+CoreDataProperties.swift */ = {isa = PBXFileReference; lastKnownFileType = sourcecode.swift; path = "Transaction+CoreDataProperties.swift"; sourceTree = "<group>"; };
		8BFEBCC3202F469F0011346A /* NetworkProvider.swift */ = {isa = PBXFileReference; fileEncoding = 4; lastKnownFileType = sourcecode.swift; path = NetworkProvider.swift; sourceTree = "<group>"; };
		8BFEBCC4202F469F0011346A /* CoreDataProvider.swift */ = {isa = PBXFileReference; fileEncoding = 4; lastKnownFileType = sourcecode.swift; path = CoreDataProvider.swift; sourceTree = "<group>"; };
		8BFEBCC5202F469F0011346A /* UpdateManager.swift */ = {isa = PBXFileReference; fileEncoding = 4; lastKnownFileType = sourcecode.swift; path = UpdateManager.swift; sourceTree = "<group>"; };
		8BFEBCCB202F80A40011346A /* UserViewController.swift */ = {isa = PBXFileReference; lastKnownFileType = sourcecode.swift; path = UserViewController.swift; sourceTree = "<group>"; };
		C229A9FDD41FC98586B4C46E /* Pods_LocalFlowWalletPOC.framework */ = {isa = PBXFileReference; explicitFileType = wrapper.framework; includeInIndex = 0; path = Pods_LocalFlowWalletPOC.framework; sourceTree = BUILT_PRODUCTS_DIR; };
		DDC83355707699028ABAE2D3 /* Pods-LocalFlowWalletPOC.debug.xcconfig */ = {isa = PBXFileReference; includeInIndex = 1; lastKnownFileType = text.xcconfig; name = "Pods-LocalFlowWalletPOC.debug.xcconfig"; path = "Pods/Target Support Files/Pods-LocalFlowWalletPOC/Pods-LocalFlowWalletPOC.debug.xcconfig"; sourceTree = "<group>"; };
/* End PBXFileReference section */

/* Begin PBXFrameworksBuildPhase section */
		8BFEBC7D202F35D20011346A /* Frameworks */ = {
			isa = PBXFrameworksBuildPhase;
			buildActionMask = 2147483647;
			files = (
				1C48685573A802573E9B75A8 /* Pods_LocalFlowWalletPOC.framework in Frameworks */,
			);
			runOnlyForDeploymentPostprocessing = 0;
		};
		8BFEBC94202F35D20011346A /* Frameworks */ = {
			isa = PBXFrameworksBuildPhase;
			buildActionMask = 2147483647;
			files = (
			);
			runOnlyForDeploymentPostprocessing = 0;
		};
		8BFEBC9F202F35D20011346A /* Frameworks */ = {
			isa = PBXFrameworksBuildPhase;
			buildActionMask = 2147483647;
			files = (
			);
			runOnlyForDeploymentPostprocessing = 0;
		};
/* End PBXFrameworksBuildPhase section */

/* Begin PBXGroup section */
		12DFE78DBD6C91E92489861E /* Frameworks */ = {
			isa = PBXGroup;
			children = (
				C229A9FDD41FC98586B4C46E /* Pods_LocalFlowWalletPOC.framework */,
			);
			name = Frameworks;
			sourceTree = "<group>";
		};
		8BB718D420332D0F00A9040D /* Utilities */ = {
			isa = PBXGroup;
			children = (
				8BB718D520332D3400A9040D /* Extensions.swift */,
				8B327A252034C55C00C916A8 /* Structs.swift */,
				8B327A272034C5C300C916A8 /* Enums.swift */,
			);
			path = Utilities;
			sourceTree = "<group>";
		};
		8BFEBC77202F35D20011346A = {
			isa = PBXGroup;
			children = (
				8BB718D420332D0F00A9040D /* Utilities */,
				8BFEBCCA202F4B7E0011346A /* Support Files */,
				8BFEBCC2202F43050011346A /* Model */,
				8BFEBCC9202F46A50011346A /* Services */,
				8BFEBC82202F35D20011346A /* LocalFlowWalletPOC */,
				8BFEBC9A202F35D20011346A /* LocalFlowWalletPOCTests */,
				8BFEBCA5202F35D20011346A /* LocalFlowWalletPOCUITests */,
				8BFEBC81202F35D20011346A /* Products */,
				A3682E56CAC36DECA0FE95D7 /* Pods */,
				12DFE78DBD6C91E92489861E /* Frameworks */,
			);
			sourceTree = "<group>";
		};
		8BFEBC81202F35D20011346A /* Products */ = {
			isa = PBXGroup;
			children = (
				8BFEBC80202F35D20011346A /* LocalFlowWalletPOC.app */,
				8BFEBC97202F35D20011346A /* LocalFlowWalletPOCTests.xctest */,
				8BFEBCA2202F35D20011346A /* LocalFlowWalletPOCUITests.xctest */,
			);
			name = Products;
			sourceTree = "<group>";
		};
		8BFEBC82202F35D20011346A /* LocalFlowWalletPOC */ = {
			isa = PBXGroup;
			children = (
				8BFEBC83202F35D20011346A /* AppDelegate.swift */,
				8BFEBCB4202F3CC20011346A /* TabBarController.swift */,
				8BFEBC85202F35D20011346A /* LoginViewController.swift */,
				8BFEBCCB202F80A40011346A /* UserViewController.swift */,
				8BD6BC652031BB4600D9D8A7 /* PaymentViewController.swift */,
				8BD6BC672031D79F00D9D8A7 /* TransactionCell.swift */,
				8BFEBC87202F35D20011346A /* Main.storyboard */,
				8BFEBC8D202F35D20011346A /* Assets.xcassets */,
				8BFEBC8F202F35D20011346A /* LaunchScreen.storyboard */,
				8BFEBC92202F35D20011346A /* Info.plist */,
			);
			path = LocalFlowWalletPOC;
			sourceTree = "<group>";
		};
		8BFEBC9A202F35D20011346A /* LocalFlowWalletPOCTests */ = {
			isa = PBXGroup;
			children = (
				8BFEBC9B202F35D20011346A /* LocalFlowWalletPOCTests.swift */,
				8BFEBC9D202F35D20011346A /* Info.plist */,
			);
			path = LocalFlowWalletPOCTests;
			sourceTree = "<group>";
		};
		8BFEBCA5202F35D20011346A /* LocalFlowWalletPOCUITests */ = {
			isa = PBXGroup;
			children = (
				8BFEBCA6202F35D20011346A /* LocalFlowWalletPOCUITests.swift */,
				8BFEBCA8202F35D20011346A /* Info.plist */,
			);
			path = LocalFlowWalletPOCUITests;
			sourceTree = "<group>";
		};
		8BFEBCC2202F43050011346A /* Model */ = {
			isa = PBXGroup;
			children = (
				8BFEBC8A202F35D20011346A /* LocalFlowWalletPOC.xcdatamodeld */,
				8BFEBCB6202F42F60011346A /* User+CoreDataClass.swift */,
				8BFEBCB7202F42F60011346A /* User+CoreDataProperties.swift */,
				8BFEBCB8202F42F60011346A /* Balance+CoreDataClass.swift */,
				8BFEBCB9202F42F60011346A /* Balance+CoreDataProperties.swift */,
				8BFEBCBA202F42F60011346A /* Transaction+CoreDataClass.swift */,
				8BFEBCBB202F42F60011346A /* Transaction+CoreDataProperties.swift */,
			);
			path = Model;
			sourceTree = "<group>";
		};
		8BFEBCC9202F46A50011346A /* Services */ = {
			isa = PBXGroup;
			children = (
				8BFEBCC4202F469F0011346A /* CoreDataProvider.swift */,
				8BFEBCC3202F469F0011346A /* NetworkProvider.swift */,
				8BFEBCC5202F469F0011346A /* UpdateManager.swift */,
			);
			path = Services;
			sourceTree = "<group>";
		};
		8BFEBCCA202F4B7E0011346A /* Support Files */ = {
			isa = PBXGroup;
			children = (
				8BD6BC632030563500D9D8A7 /* Notifications.swift */,
				8BCAEFB5203494690092B7BA /* Podfile */,
			);
			path = "Support Files";
			sourceTree = "<group>";
		};
		A3682E56CAC36DECA0FE95D7 /* Pods */ = {
			isa = PBXGroup;
			children = (
				DDC83355707699028ABAE2D3 /* Pods-LocalFlowWalletPOC.debug.xcconfig */,
				7BFFC66B12902502B32BC7CD /* Pods-LocalFlowWalletPOC.release.xcconfig */,
			);
			name = Pods;
			sourceTree = "<group>";
		};
/* End PBXGroup section */

/* Begin PBXNativeTarget section */
		8BFEBC7F202F35D20011346A /* LocalFlowWalletPOC */ = {
			isa = PBXNativeTarget;
			buildConfigurationList = 8BFEBCAB202F35D20011346A /* Build configuration list for PBXNativeTarget "LocalFlowWalletPOC" */;
			buildPhases = (
				0A8632252001973D16803CAA /* [CP] Check Pods Manifest.lock */,
				8BFEBC7C202F35D20011346A /* Sources */,
				8BFEBC7D202F35D20011346A /* Frameworks */,
				8BFEBC7E202F35D20011346A /* Resources */,
				6D173398A4CEDD01FBEACB16 /* [CP] Embed Pods Frameworks */,
				044C120DEA257D9A9254AE48 /* [CP] Copy Pods Resources */,
			);
			buildRules = (
			);
			dependencies = (
			);
			name = LocalFlowWalletPOC;
			productName = LocalFlowWalletPOC;
			productReference = 8BFEBC80202F35D20011346A /* LocalFlowWalletPOC.app */;
			productType = "com.apple.product-type.application";
		};
		8BFEBC96202F35D20011346A /* LocalFlowWalletPOCTests */ = {
			isa = PBXNativeTarget;
			buildConfigurationList = 8BFEBCAE202F35D20011346A /* Build configuration list for PBXNativeTarget "LocalFlowWalletPOCTests" */;
			buildPhases = (
				8BFEBC93202F35D20011346A /* Sources */,
				8BFEBC94202F35D20011346A /* Frameworks */,
				8BFEBC95202F35D20011346A /* Resources */,
			);
			buildRules = (
			);
			dependencies = (
				8BFEBC99202F35D20011346A /* PBXTargetDependency */,
			);
			name = LocalFlowWalletPOCTests;
			productName = LocalFlowWalletPOCTests;
			productReference = 8BFEBC97202F35D20011346A /* LocalFlowWalletPOCTests.xctest */;
			productType = "com.apple.product-type.bundle.unit-test";
		};
		8BFEBCA1202F35D20011346A /* LocalFlowWalletPOCUITests */ = {
			isa = PBXNativeTarget;
			buildConfigurationList = 8BFEBCB1202F35D20011346A /* Build configuration list for PBXNativeTarget "LocalFlowWalletPOCUITests" */;
			buildPhases = (
				8BFEBC9E202F35D20011346A /* Sources */,
				8BFEBC9F202F35D20011346A /* Frameworks */,
				8BFEBCA0202F35D20011346A /* Resources */,
			);
			buildRules = (
			);
			dependencies = (
				8BFEBCA4202F35D20011346A /* PBXTargetDependency */,
			);
			name = LocalFlowWalletPOCUITests;
			productName = LocalFlowWalletPOCUITests;
			productReference = 8BFEBCA2202F35D20011346A /* LocalFlowWalletPOCUITests.xctest */;
			productType = "com.apple.product-type.bundle.ui-testing";
		};
/* End PBXNativeTarget section */

/* Begin PBXProject section */
		8BFEBC78202F35D20011346A /* Project object */ = {
			isa = PBXProject;
			attributes = {
				LastSwiftUpdateCheck = 0920;
				LastUpgradeCheck = 0920;
				ORGANIZATIONNAME = Test;
				TargetAttributes = {
					8BFEBC7F202F35D20011346A = {
						CreatedOnToolsVersion = 9.2;
						ProvisioningStyle = Automatic;
					};
					8BFEBC96202F35D20011346A = {
						CreatedOnToolsVersion = 9.2;
						ProvisioningStyle = Automatic;
						TestTargetID = 8BFEBC7F202F35D20011346A;
					};
					8BFEBCA1202F35D20011346A = {
						CreatedOnToolsVersion = 9.2;
						ProvisioningStyle = Automatic;
						TestTargetID = 8BFEBC7F202F35D20011346A;
					};
				};
			};
			buildConfigurationList = 8BFEBC7B202F35D20011346A /* Build configuration list for PBXProject "LocalFlowWalletPOC" */;
			compatibilityVersion = "Xcode 8.0";
			developmentRegion = en;
			hasScannedForEncodings = 0;
			knownRegions = (
				en,
				Base,
			);
			mainGroup = 8BFEBC77202F35D20011346A;
			productRefGroup = 8BFEBC81202F35D20011346A /* Products */;
			projectDirPath = "";
			projectRoot = "";
			targets = (
				8BFEBC7F202F35D20011346A /* LocalFlowWalletPOC */,
				8BFEBC96202F35D20011346A /* LocalFlowWalletPOCTests */,
				8BFEBCA1202F35D20011346A /* LocalFlowWalletPOCUITests */,
			);
		};
/* End PBXProject section */

/* Begin PBXResourcesBuildPhase section */
		8BFEBC7E202F35D20011346A /* Resources */ = {
			isa = PBXResourcesBuildPhase;
			buildActionMask = 2147483647;
			files = (
				8BFEBC91202F35D20011346A /* LaunchScreen.storyboard in Resources */,
				8BFEBC8E202F35D20011346A /* Assets.xcassets in Resources */,
				8BCAEFB6203494690092B7BA /* Podfile in Resources */,
				8BFEBC89202F35D20011346A /* Main.storyboard in Resources */,
			);
			runOnlyForDeploymentPostprocessing = 0;
		};
		8BFEBC95202F35D20011346A /* Resources */ = {
			isa = PBXResourcesBuildPhase;
			buildActionMask = 2147483647;
			files = (
			);
			runOnlyForDeploymentPostprocessing = 0;
		};
		8BFEBCA0202F35D20011346A /* Resources */ = {
			isa = PBXResourcesBuildPhase;
			buildActionMask = 2147483647;
			files = (
			);
			runOnlyForDeploymentPostprocessing = 0;
		};
/* End PBXResourcesBuildPhase section */

/* Begin PBXShellScriptBuildPhase section */
		044C120DEA257D9A9254AE48 /* [CP] Copy Pods Resources */ = {
			isa = PBXShellScriptBuildPhase;
			buildActionMask = 2147483647;
			files = (
			);
			inputPaths = (
			);
			name = "[CP] Copy Pods Resources";
			outputPaths = (
			);
			runOnlyForDeploymentPostprocessing = 0;
			shellPath = /bin/sh;
			shellScript = "\"${SRCROOT}/Pods/Target Support Files/Pods-LocalFlowWalletPOC/Pods-LocalFlowWalletPOC-resources.sh\"\n";
			showEnvVarsInLog = 0;
		};
		0A8632252001973D16803CAA /* [CP] Check Pods Manifest.lock */ = {
			isa = PBXShellScriptBuildPhase;
			buildActionMask = 2147483647;
			files = (
			);
			inputPaths = (
				"${PODS_PODFILE_DIR_PATH}/Podfile.lock",
				"${PODS_ROOT}/Manifest.lock",
			);
			name = "[CP] Check Pods Manifest.lock";
			outputPaths = (
				"$(DERIVED_FILE_DIR)/Pods-LocalFlowWalletPOC-checkManifestLockResult.txt",
			);
			runOnlyForDeploymentPostprocessing = 0;
			shellPath = /bin/sh;
			shellScript = "diff \"${PODS_PODFILE_DIR_PATH}/Podfile.lock\" \"${PODS_ROOT}/Manifest.lock\" > /dev/null\nif [ $? != 0 ] ; then\n    # print error to STDERR\n    echo \"error: The sandbox is not in sync with the Podfile.lock. Run 'pod install' or update your CocoaPods installation.\" >&2\n    exit 1\nfi\n# This output is used by Xcode 'outputs' to avoid re-running this script phase.\necho \"SUCCESS\" > \"${SCRIPT_OUTPUT_FILE_0}\"\n";
			showEnvVarsInLog = 0;
		};
		6D173398A4CEDD01FBEACB16 /* [CP] Embed Pods Frameworks */ = {
			isa = PBXShellScriptBuildPhase;
			buildActionMask = 2147483647;
			files = (
			);
			inputPaths = (
				"${SRCROOT}/Pods/Target Support Files/Pods-LocalFlowWalletPOC/Pods-LocalFlowWalletPOC-frameworks.sh",
				"${BUILT_PRODUCTS_DIR}/Alamofire/Alamofire.framework",
				"${BUILT_PRODUCTS_DIR}/SearchTextField/SearchTextField.framework",
				"${BUILT_PRODUCTS_DIR}/SwiftyJSON/SwiftyJSON.framework",
			);
			name = "[CP] Embed Pods Frameworks";
			outputPaths = (
				"${TARGET_BUILD_DIR}/${FRAMEWORKS_FOLDER_PATH}/Alamofire.framework",
				"${TARGET_BUILD_DIR}/${FRAMEWORKS_FOLDER_PATH}/SearchTextField.framework",
				"${TARGET_BUILD_DIR}/${FRAMEWORKS_FOLDER_PATH}/SwiftyJSON.framework",
			);
			runOnlyForDeploymentPostprocessing = 0;
			shellPath = /bin/sh;
			shellScript = "\"${SRCROOT}/Pods/Target Support Files/Pods-LocalFlowWalletPOC/Pods-LocalFlowWalletPOC-frameworks.sh\"\n";
			showEnvVarsInLog = 0;
		};
/* End PBXShellScriptBuildPhase section */

/* Begin PBXSourcesBuildPhase section */
		8BFEBC7C202F35D20011346A /* Sources */ = {
			isa = PBXSourcesBuildPhase;
			buildActionMask = 2147483647;
			files = (
				8BD6BC642030563500D9D8A7 /* Notifications.swift in Sources */,
				8BB718D620332D3400A9040D /* Extensions.swift in Sources */,
				8B327A282034C5C300C916A8 /* Enums.swift in Sources */,
				8BD6BC682031D79F00D9D8A7 /* TransactionCell.swift in Sources */,
				8BFEBCC1202F42F60011346A /* Transaction+CoreDataProperties.swift in Sources */,
				8BFEBCBF202F42F60011346A /* Balance+CoreDataProperties.swift in Sources */,
				8BD6BC662031BB4600D9D8A7 /* PaymentViewController.swift in Sources */,
				8BFEBC8C202F35D20011346A /* LocalFlowWalletPOC.xcdatamodeld in Sources */,
				8BFEBCB5202F3CC20011346A /* TabBarController.swift in Sources */,
				8BFEBCBD202F42F60011346A /* User+CoreDataProperties.swift in Sources */,
				8BFEBCC0202F42F60011346A /* Transaction+CoreDataClass.swift in Sources */,
				8BFEBC86202F35D20011346A /* LoginViewController.swift in Sources */,
				8B327A262034C55C00C916A8 /* Structs.swift in Sources */,
				8BFEBCCC202F80A40011346A /* UserViewController.swift in Sources */,
				8BFEBCC8202F46A00011346A /* UpdateManager.swift in Sources */,
				8BFEBC84202F35D20011346A /* AppDelegate.swift in Sources */,
				8BFEBCBE202F42F60011346A /* Balance+CoreDataClass.swift in Sources */,
				8BFEBCC6202F46A00011346A /* NetworkProvider.swift in Sources */,
				8BFEBCBC202F42F60011346A /* User+CoreDataClass.swift in Sources */,
				8BFEBCC7202F46A00011346A /* CoreDataProvider.swift in Sources */,
			);
			runOnlyForDeploymentPostprocessing = 0;
		};
		8BFEBC93202F35D20011346A /* Sources */ = {
			isa = PBXSourcesBuildPhase;
			buildActionMask = 2147483647;
			files = (
				8BFEBC9C202F35D20011346A /* LocalFlowWalletPOCTests.swift in Sources */,
			);
			runOnlyForDeploymentPostprocessing = 0;
		};
		8BFEBC9E202F35D20011346A /* Sources */ = {
			isa = PBXSourcesBuildPhase;
			buildActionMask = 2147483647;
			files = (
				8BFEBCA7202F35D20011346A /* LocalFlowWalletPOCUITests.swift in Sources */,
			);
			runOnlyForDeploymentPostprocessing = 0;
		};
/* End PBXSourcesBuildPhase section */

/* Begin PBXTargetDependency section */
		8BFEBC99202F35D20011346A /* PBXTargetDependency */ = {
			isa = PBXTargetDependency;
			target = 8BFEBC7F202F35D20011346A /* LocalFlowWalletPOC */;
			targetProxy = 8BFEBC98202F35D20011346A /* PBXContainerItemProxy */;
		};
		8BFEBCA4202F35D20011346A /* PBXTargetDependency */ = {
			isa = PBXTargetDependency;
			target = 8BFEBC7F202F35D20011346A /* LocalFlowWalletPOC */;
			targetProxy = 8BFEBCA3202F35D20011346A /* PBXContainerItemProxy */;
		};
/* End PBXTargetDependency section */

/* Begin PBXVariantGroup section */
		8BFEBC87202F35D20011346A /* Main.storyboard */ = {
			isa = PBXVariantGroup;
			children = (
				8BFEBC88202F35D20011346A /* Base */,
			);
			name = Main.storyboard;
			sourceTree = "<group>";
		};
		8BFEBC8F202F35D20011346A /* LaunchScreen.storyboard */ = {
			isa = PBXVariantGroup;
			children = (
				8BFEBC90202F35D20011346A /* Base */,
			);
			name = LaunchScreen.storyboard;
			sourceTree = "<group>";
		};
/* End PBXVariantGroup section */

/* Begin XCBuildConfiguration section */
		8BFEBCA9202F35D20011346A /* Debug */ = {
			isa = XCBuildConfiguration;
			buildSettings = {
				ALWAYS_SEARCH_USER_PATHS = NO;
				CLANG_ANALYZER_NONNULL = YES;
				CLANG_ANALYZER_NUMBER_OBJECT_CONVERSION = YES_AGGRESSIVE;
				CLANG_CXX_LANGUAGE_STANDARD = "gnu++14";
				CLANG_CXX_LIBRARY = "libc++";
				CLANG_ENABLE_MODULES = YES;
				CLANG_ENABLE_OBJC_ARC = YES;
				CLANG_WARN_BLOCK_CAPTURE_AUTORELEASING = YES;
				CLANG_WARN_BOOL_CONVERSION = YES;
				CLANG_WARN_COMMA = YES;
				CLANG_WARN_CONSTANT_CONVERSION = YES;
				CLANG_WARN_DIRECT_OBJC_ISA_USAGE = YES_ERROR;
				CLANG_WARN_DOCUMENTATION_COMMENTS = YES;
				CLANG_WARN_EMPTY_BODY = YES;
				CLANG_WARN_ENUM_CONVERSION = YES;
				CLANG_WARN_INFINITE_RECURSION = YES;
				CLANG_WARN_INT_CONVERSION = YES;
				CLANG_WARN_NON_LITERAL_NULL_CONVERSION = YES;
				CLANG_WARN_OBJC_LITERAL_CONVERSION = YES;
				CLANG_WARN_OBJC_ROOT_CLASS = YES_ERROR;
				CLANG_WARN_RANGE_LOOP_ANALYSIS = YES;
				CLANG_WARN_STRICT_PROTOTYPES = YES;
				CLANG_WARN_SUSPICIOUS_MOVE = YES;
				CLANG_WARN_UNGUARDED_AVAILABILITY = YES_AGGRESSIVE;
				CLANG_WARN_UNREACHABLE_CODE = YES;
				CLANG_WARN__DUPLICATE_METHOD_MATCH = YES;
				CODE_SIGN_IDENTITY = "iPhone Developer";
				COPY_PHASE_STRIP = NO;
				DEBUG_INFORMATION_FORMAT = dwarf;
				ENABLE_STRICT_OBJC_MSGSEND = YES;
				ENABLE_TESTABILITY = YES;
				GCC_C_LANGUAGE_STANDARD = gnu11;
				GCC_DYNAMIC_NO_PIC = NO;
				GCC_NO_COMMON_BLOCKS = YES;
				GCC_OPTIMIZATION_LEVEL = 0;
				GCC_PREPROCESSOR_DEFINITIONS = (
					"DEBUG=1",
					"$(inherited)",
				);
				GCC_WARN_64_TO_32_BIT_CONVERSION = YES;
				GCC_WARN_ABOUT_RETURN_TYPE = YES_ERROR;
				GCC_WARN_UNDECLARED_SELECTOR = YES;
				GCC_WARN_UNINITIALIZED_AUTOS = YES_AGGRESSIVE;
				GCC_WARN_UNUSED_FUNCTION = YES;
				GCC_WARN_UNUSED_VARIABLE = YES;
				IPHONEOS_DEPLOYMENT_TARGET = 11.2;
				MTL_ENABLE_DEBUG_INFO = YES;
				ONLY_ACTIVE_ARCH = YES;
				SDKROOT = iphoneos;
				SWIFT_ACTIVE_COMPILATION_CONDITIONS = DEBUG;
				SWIFT_OPTIMIZATION_LEVEL = "-Onone";
			};
			name = Debug;
		};
		8BFEBCAA202F35D20011346A /* Release */ = {
			isa = XCBuildConfiguration;
			buildSettings = {
				ALWAYS_SEARCH_USER_PATHS = NO;
				CLANG_ANALYZER_NONNULL = YES;
				CLANG_ANALYZER_NUMBER_OBJECT_CONVERSION = YES_AGGRESSIVE;
				CLANG_CXX_LANGUAGE_STANDARD = "gnu++14";
				CLANG_CXX_LIBRARY = "libc++";
				CLANG_ENABLE_MODULES = YES;
				CLANG_ENABLE_OBJC_ARC = YES;
				CLANG_WARN_BLOCK_CAPTURE_AUTORELEASING = YES;
				CLANG_WARN_BOOL_CONVERSION = YES;
				CLANG_WARN_COMMA = YES;
				CLANG_WARN_CONSTANT_CONVERSION = YES;
				CLANG_WARN_DIRECT_OBJC_ISA_USAGE = YES_ERROR;
				CLANG_WARN_DOCUMENTATION_COMMENTS = YES;
				CLANG_WARN_EMPTY_BODY = YES;
				CLANG_WARN_ENUM_CONVERSION = YES;
				CLANG_WARN_INFINITE_RECURSION = YES;
				CLANG_WARN_INT_CONVERSION = YES;
				CLANG_WARN_NON_LITERAL_NULL_CONVERSION = YES;
				CLANG_WARN_OBJC_LITERAL_CONVERSION = YES;
				CLANG_WARN_OBJC_ROOT_CLASS = YES_ERROR;
				CLANG_WARN_RANGE_LOOP_ANALYSIS = YES;
				CLANG_WARN_STRICT_PROTOTYPES = YES;
				CLANG_WARN_SUSPICIOUS_MOVE = YES;
				CLANG_WARN_UNGUARDED_AVAILABILITY = YES_AGGRESSIVE;
				CLANG_WARN_UNREACHABLE_CODE = YES;
				CLANG_WARN__DUPLICATE_METHOD_MATCH = YES;
				CODE_SIGN_IDENTITY = "iPhone Developer";
				COPY_PHASE_STRIP = NO;
				DEBUG_INFORMATION_FORMAT = "dwarf-with-dsym";
				ENABLE_NS_ASSERTIONS = NO;
				ENABLE_STRICT_OBJC_MSGSEND = YES;
				GCC_C_LANGUAGE_STANDARD = gnu11;
				GCC_NO_COMMON_BLOCKS = YES;
				GCC_WARN_64_TO_32_BIT_CONVERSION = YES;
				GCC_WARN_ABOUT_RETURN_TYPE = YES_ERROR;
				GCC_WARN_UNDECLARED_SELECTOR = YES;
				GCC_WARN_UNINITIALIZED_AUTOS = YES_AGGRESSIVE;
				GCC_WARN_UNUSED_FUNCTION = YES;
				GCC_WARN_UNUSED_VARIABLE = YES;
				IPHONEOS_DEPLOYMENT_TARGET = 11.2;
				MTL_ENABLE_DEBUG_INFO = NO;
				SDKROOT = iphoneos;
				SWIFT_OPTIMIZATION_LEVEL = "-Owholemodule";
				VALIDATE_PRODUCT = YES;
			};
			name = Release;
		};
		8BFEBCAC202F35D20011346A /* Debug */ = {
			isa = XCBuildConfiguration;
			baseConfigurationReference = DDC83355707699028ABAE2D3 /* Pods-LocalFlowWalletPOC.debug.xcconfig */;
			buildSettings = {
				ASSETCATALOG_COMPILER_APPICON_NAME = AppIcon;
				CODE_SIGN_STYLE = Automatic;
				DEVELOPMENT_TEAM = 2GM46VBD99;
				INFOPLIST_FILE = LocalFlowWalletPOC/Info.plist;
				LD_RUNPATH_SEARCH_PATHS = "$(inherited) @executable_path/Frameworks";
				PRODUCT_BUNDLE_IDENTIFIER = com.riccardoscanavacca.LocalFlowWalletPOC;
				PRODUCT_NAME = "$(TARGET_NAME)";
				SWIFT_VERSION = 4.0;
				TARGETED_DEVICE_FAMILY = "1,2";
			};
			name = Debug;
		};
		8BFEBCAD202F35D20011346A /* Release */ = {
			isa = XCBuildConfiguration;
			baseConfigurationReference = 7BFFC66B12902502B32BC7CD /* Pods-LocalFlowWalletPOC.release.xcconfig */;
			buildSettings = {
				ASSETCATALOG_COMPILER_APPICON_NAME = AppIcon;
				CODE_SIGN_STYLE = Automatic;
				DEVELOPMENT_TEAM = 2GM46VBD99;
				INFOPLIST_FILE = LocalFlowWalletPOC/Info.plist;
				LD_RUNPATH_SEARCH_PATHS = "$(inherited) @executable_path/Frameworks";
				PRODUCT_BUNDLE_IDENTIFIER = com.riccardoscanavacca.LocalFlowWalletPOC;
				PRODUCT_NAME = "$(TARGET_NAME)";
				SWIFT_VERSION = 4.0;
				TARGETED_DEVICE_FAMILY = "1,2";
			};
			name = Release;
		};
		8BFEBCAF202F35D20011346A /* Debug */ = {
			isa = XCBuildConfiguration;
			buildSettings = {
				ALWAYS_EMBED_SWIFT_STANDARD_LIBRARIES = YES;
				BUNDLE_LOADER = "$(TEST_HOST)";
				CODE_SIGN_STYLE = Automatic;
				DEVELOPMENT_TEAM = 2GM46VBD99;
				INFOPLIST_FILE = LocalFlowWalletPOCTests/Info.plist;
				LD_RUNPATH_SEARCH_PATHS = "$(inherited) @executable_path/Frameworks @loader_path/Frameworks";
				PRODUCT_BUNDLE_IDENTIFIER = com.riccardoscanavacca.LocalFlowWalletPOCTests;
				PRODUCT_NAME = "$(TARGET_NAME)";
				SWIFT_VERSION = 4.0;
				TARGETED_DEVICE_FAMILY = "1,2";
				TEST_HOST = "$(BUILT_PRODUCTS_DIR)/LocalFlowWalletPOC.app/LocalFlowWalletPOC";
			};
			name = Debug;
		};
		8BFEBCB0202F35D20011346A /* Release */ = {
			isa = XCBuildConfiguration;
			buildSettings = {
				ALWAYS_EMBED_SWIFT_STANDARD_LIBRARIES = YES;
				BUNDLE_LOADER = "$(TEST_HOST)";
				CODE_SIGN_STYLE = Automatic;
				DEVELOPMENT_TEAM = 2GM46VBD99;
				INFOPLIST_FILE = LocalFlowWalletPOCTests/Info.plist;
				LD_RUNPATH_SEARCH_PATHS = "$(inherited) @executable_path/Frameworks @loader_path/Frameworks";
				PRODUCT_BUNDLE_IDENTIFIER = com.riccardoscanavacca.LocalFlowWalletPOCTests;
				PRODUCT_NAME = "$(TARGET_NAME)";
				SWIFT_VERSION = 4.0;
				TARGETED_DEVICE_FAMILY = "1,2";
				TEST_HOST = "$(BUILT_PRODUCTS_DIR)/LocalFlowWalletPOC.app/LocalFlowWalletPOC";
			};
			name = Release;
		};
		8BFEBCB2202F35D20011346A /* Debug */ = {
			isa = XCBuildConfiguration;
			buildSettings = {
				ALWAYS_EMBED_SWIFT_STANDARD_LIBRARIES = YES;
				CODE_SIGN_STYLE = Automatic;
				DEVELOPMENT_TEAM = 2GM46VBD99;
				INFOPLIST_FILE = LocalFlowWalletPOCUITests/Info.plist;
				LD_RUNPATH_SEARCH_PATHS = "$(inherited) @executable_path/Frameworks @loader_path/Frameworks";
				PRODUCT_BUNDLE_IDENTIFIER = com.riccardoscanavacca.LocalFlowWalletPOCUITests;
				PRODUCT_NAME = "$(TARGET_NAME)";
				SWIFT_VERSION = 4.0;
				TARGETED_DEVICE_FAMILY = "1,2";
				TEST_TARGET_NAME = LocalFlowWalletPOC;
			};
			name = Debug;
		};
		8BFEBCB3202F35D20011346A /* Release */ = {
			isa = XCBuildConfiguration;
			buildSettings = {
				ALWAYS_EMBED_SWIFT_STANDARD_LIBRARIES = YES;
				CODE_SIGN_STYLE = Automatic;
				DEVELOPMENT_TEAM = 2GM46VBD99;
				INFOPLIST_FILE = LocalFlowWalletPOCUITests/Info.plist;
				LD_RUNPATH_SEARCH_PATHS = "$(inherited) @executable_path/Frameworks @loader_path/Frameworks";
				PRODUCT_BUNDLE_IDENTIFIER = com.riccardoscanavacca.LocalFlowWalletPOCUITests;
				PRODUCT_NAME = "$(TARGET_NAME)";
				SWIFT_VERSION = 4.0;
				TARGETED_DEVICE_FAMILY = "1,2";
				TEST_TARGET_NAME = LocalFlowWalletPOC;
			};
			name = Release;
		};
/* End XCBuildConfiguration section */

/* Begin XCConfigurationList section */
		8BFEBC7B202F35D20011346A /* Build configuration list for PBXProject "LocalFlowWalletPOC" */ = {
			isa = XCConfigurationList;
			buildConfigurations = (
				8BFEBCA9202F35D20011346A /* Debug */,
				8BFEBCAA202F35D20011346A /* Release */,
			);
			defaultConfigurationIsVisible = 0;
			defaultConfigurationName = Release;
		};
		8BFEBCAB202F35D20011346A /* Build configuration list for PBXNativeTarget "LocalFlowWalletPOC" */ = {
			isa = XCConfigurationList;
			buildConfigurations = (
				8BFEBCAC202F35D20011346A /* Debug */,
				8BFEBCAD202F35D20011346A /* Release */,
			);
			defaultConfigurationIsVisible = 0;
			defaultConfigurationName = Release;
		};
		8BFEBCAE202F35D20011346A /* Build configuration list for PBXNativeTarget "LocalFlowWalletPOCTests" */ = {
			isa = XCConfigurationList;
			buildConfigurations = (
				8BFEBCAF202F35D20011346A /* Debug */,
				8BFEBCB0202F35D20011346A /* Release */,
			);
			defaultConfigurationIsVisible = 0;
			defaultConfigurationName = Release;
		};
		8BFEBCB1202F35D20011346A /* Build configuration list for PBXNativeTarget "LocalFlowWalletPOCUITests" */ = {
			isa = XCConfigurationList;
			buildConfigurations = (
				8BFEBCB2202F35D20011346A /* Debug */,
				8BFEBCB3202F35D20011346A /* Release */,
			);
			defaultConfigurationIsVisible = 0;
			defaultConfigurationName = Release;
		};
/* End XCConfigurationList section */

/* Begin XCVersionGroup section */
		8BFEBC8A202F35D20011346A /* LocalFlowWalletPOC.xcdatamodeld */ = {
			isa = XCVersionGroup;
			children = (
				8BFEBC8B202F35D20011346A /* LocalFlowWalletPOC.xcdatamodel */,
			);
			currentVersion = 8BFEBC8B202F35D20011346A /* LocalFlowWalletPOC.xcdatamodel */;
			path = LocalFlowWalletPOC.xcdatamodeld;
			sourceTree = "<group>";
			versionGroupType = wrapper.xcdatamodel;
		};
/* End XCVersionGroup section */
	};
	rootObject = 8BFEBC78202F35D20011346A /* Project object */;
}
